// !$*UTF8*$!
{
	archiveVersion = 1;
	classes = {
	};
	objectVersion = 46;
	objects = {

/* Begin PBXBuildFile section */
		58314D711E9A341E00851184 /* main.m in Sources */ = {isa = PBXBuildFile; fileRef = 58314D701E9A341E00851184 /* main.m */; };
		58314D741E9A341E00851184 /* AppDelegate.m in Sources */ = {isa = PBXBuildFile; fileRef = 58314D731E9A341E00851184 /* AppDelegate.m */; };
		58314D771E9A341E00851184 /* ViewController.m in Sources */ = {isa = PBXBuildFile; fileRef = 58314D761E9A341E00851184 /* ViewController.m */; };
		58314D7C1E9A341E00851184 /* Assets.xcassets in Resources */ = {isa = PBXBuildFile; fileRef = 58314D7B1E9A341E00851184 /* Assets.xcassets */; };
		58314D7F1E9A341E00851184 /* LaunchScreen.storyboard in Resources */ = {isa = PBXBuildFile; fileRef = 58314D7D1E9A341E00851184 /* LaunchScreen.storyboard */; };
		58314D891E9A34C600851184 /* ZKSlideViewController.m in Sources */ = {isa = PBXBuildFile; fileRef = 58314D881E9A34C600851184 /* ZKSlideViewController.m */; };
		58314D8D1E9A361C00851184 /* UIView+Addition.m in Sources */ = {isa = PBXBuildFile; fileRef = 58314D8C1E9A361C00851184 /* UIView+Addition.m */; };
		58314D911E9A381300851184 /* ZKHotViewController.m in Sources */ = {isa = PBXBuildFile; fileRef = 58314D901E9A381300851184 /* ZKHotViewController.m */; };
		58314D941E9A381E00851184 /* ZKListViewController.m in Sources */ = {isa = PBXBuildFile; fileRef = 58314D931E9A381E00851184 /* ZKListViewController.m */; };
		58314D971E9A382900851184 /* ZKVideoViewController.m in Sources */ = {isa = PBXBuildFile; fileRef = 58314D961E9A382900851184 /* ZKVideoViewController.m */; };
		58314D9A1E9A383200851184 /* ZKHeadViewController.m in Sources */ = {isa = PBXBuildFile; fileRef = 58314D991E9A383200851184 /* ZKHeadViewController.m */; };
		58314D9D1E9A4BE900851184 /* ZKNewsViewController.m in Sources */ = {isa = PBXBuildFile; fileRef = 58314D9C1E9A4BE900851184 /* ZKNewsViewController.m */; };
		58314DA01E9A4C0000851184 /* ZKProfileViewController.m in Sources */ = {isa = PBXBuildFile; fileRef = 58314D9F1E9A4C0000851184 /* ZKProfileViewController.m */; };
/* End PBXBuildFile section */

/* Begin PBXFileReference section */
		58314D6C1E9A341E00851184 /* ZKSlideViewController.app */ = {isa = PBXFileReference; explicitFileType = wrapper.application; includeInIndex = 0; path = ZKSlideViewController.app; sourceTree = BUILT_PRODUCTS_DIR; };
		58314D701E9A341E00851184 /* main.m */ = {isa = PBXFileReference; lastKnownFileType = sourcecode.c.objc; path = main.m; sourceTree = "<group>"; };
		58314D721E9A341E00851184 /* AppDelegate.h */ = {isa = PBXFileReference; lastKnownFileType = sourcecode.c.h; path = AppDelegate.h; sourceTree = "<group>"; };
		58314D731E9A341E00851184 /* AppDelegate.m */ = {isa = PBXFileReference; lastKnownFileType = sourcecode.c.objc; path = AppDelegate.m; sourceTree = "<group>"; };
		58314D751E9A341E00851184 /* ViewController.h */ = {isa = PBXFileReference; lastKnownFileType = sourcecode.c.h; path = ViewController.h; sourceTree = "<group>"; };
		58314D761E9A341E00851184 /* ViewController.m */ = {isa = PBXFileReference; lastKnownFileType = sourcecode.c.objc; path = ViewController.m; sourceTree = "<group>"; };
		58314D7B1E9A341E00851184 /* Assets.xcassets */ = {isa = PBXFileReference; lastKnownFileType = folder.assetcatalog; path = Assets.xcassets; sourceTree = "<group>"; };
		58314D7E1E9A341E00851184 /* Base */ = {isa = PBXFileReference; lastKnownFileType = file.storyboard; name = Base; path = Base.lproj/LaunchScreen.storyboard; sourceTree = "<group>"; };
		58314D801E9A341E00851184 /* Info.plist */ = {isa = PBXFileReference; lastKnownFileType = text.plist.xml; path = Info.plist; sourceTree = "<group>"; };
		58314D871E9A34C600851184 /* ZKSlideViewController.h */ = {isa = PBXFileReference; fileEncoding = 4; lastKnownFileType = sourcecode.c.h; path = ZKSlideViewController.h; sourceTree = "<group>"; };
		58314D881E9A34C600851184 /* ZKSlideViewController.m */ = {isa = PBXFileReference; fileEncoding = 4; lastKnownFileType = sourcecode.c.objc; path = ZKSlideViewController.m; sourceTree = "<group>"; };
		58314D8B1E9A361C00851184 /* UIView+Addition.h */ = {isa = PBXFileReference; fileEncoding = 4; lastKnownFileType = sourcecode.c.h; path = "UIView+Addition.h"; sourceTree = "<group>"; };
		58314D8C1E9A361C00851184 /* UIView+Addition.m */ = {isa = PBXFileReference; fileEncoding = 4; lastKnownFileType = sourcecode.c.objc; path = "UIView+Addition.m"; sourceTree = "<group>"; };
		58314D8E1E9A365600851184 /* ZKSlideHeader.h */ = {isa = PBXFileReference; lastKnownFileType = sourcecode.c.h; path = ZKSlideHeader.h; sourceTree = "<group>"; };
		58314D8F1E9A381300851184 /* ZKHotViewController.h */ = {isa = PBXFileReference; fileEncoding = 4; lastKnownFileType = sourcecode.c.h; path = ZKHotViewController.h; sourceTree = "<group>"; };
		58314D901E9A381300851184 /* ZKHotViewController.m */ = {isa = PBXFileReference; fileEncoding = 4; lastKnownFileType = sourcecode.c.objc; path = ZKHotViewController.m; sourceTree = "<group>"; };
		58314D921E9A381E00851184 /* ZKListViewController.h */ = {isa = PBXFileReference; fileEncoding = 4; lastKnownFileType = sourcecode.c.h; path = ZKListViewController.h; sourceTree = "<group>"; };
		58314D931E9A381E00851184 /* ZKListViewController.m */ = {isa = PBXFileReference; fileEncoding = 4; lastKnownFileType = sourcecode.c.objc; path = ZKListViewController.m; sourceTree = "<group>"; };
		58314D951E9A382900851184 /* ZKVideoViewController.h */ = {isa = PBXFileReference; fileEncoding = 4; lastKnownFileType = sourcecode.c.h; path = ZKVideoViewController.h; sourceTree = "<group>"; };
		58314D961E9A382900851184 /* ZKVideoViewController.m */ = {isa = PBXFileReference; fileEncoding = 4; lastKnownFileType = sourcecode.c.objc; path = ZKVideoViewController.m; sourceTree = "<group>"; };
		58314D981E9A383200851184 /* ZKHeadViewController.h */ = {isa = PBXFileReference; fileEncoding = 4; lastKnownFileType = sourcecode.c.h; path = ZKHeadViewController.h; sourceTree = "<group>"; };
		58314D991E9A383200851184 /* ZKHeadViewController.m */ = {isa = PBXFileReference; fileEncoding = 4; lastKnownFileType = sourcecode.c.objc; path = ZKHeadViewController.m; sourceTree = "<group>"; };
		58314D9B1E9A4BE900851184 /* ZKNewsViewController.h */ = {isa = PBXFileReference; fileEncoding = 4; lastKnownFileType = sourcecode.c.h; path = ZKNewsViewController.h; sourceTree = "<group>"; };
		58314D9C1E9A4BE900851184 /* ZKNewsViewController.m */ = {isa = PBXFileReference; fileEncoding = 4; lastKnownFileType = sourcecode.c.objc; path = ZKNewsViewController.m; sourceTree = "<group>"; };
		58314D9E1E9A4C0000851184 /* ZKProfileViewController.h */ = {isa = PBXFileReference; fileEncoding = 4; lastKnownFileType = sourcecode.c.h; path = ZKProfileViewController.h; sourceTree = "<group>"; };
		58314D9F1E9A4C0000851184 /* ZKProfileViewController.m */ = {isa = PBXFileReference; fileEncoding = 4; lastKnownFileType = sourcecode.c.objc; path = ZKProfileViewController.m; sourceTree = "<group>"; };
/* End PBXFileReference section */

/* Begin PBXFrameworksBuildPhase section */
		58314D691E9A341E00851184 /* Frameworks */ = {
			isa = PBXFrameworksBuildPhase;
			buildActionMask = 2147483647;
			files = (
			);
			runOnlyForDeploymentPostprocessing = 0;
		};
/* End PBXFrameworksBuildPhase section */

/* Begin PBXGroup section */
		58314D631E9A341E00851184 = {
			isa = PBXGroup;
			children = (
				58314D6E1E9A341E00851184 /* ZKSlideViewController */,
				58314D6D1E9A341E00851184 /* Products */,
			);
			sourceTree = "<group>";
		};
		58314D6D1E9A341E00851184 /* Products */ = {
			isa = PBXGroup;
			children = (
				58314D6C1E9A341E00851184 /* ZKSlideViewController.app */,
			);
			name = Products;
			sourceTree = "<group>";
		};
		58314D6E1E9A341E00851184 /* ZKSlideViewController */ = {
			isa = PBXGroup;
			children = (
				58314D721E9A341E00851184 /* AppDelegate.h */,
				58314D731E9A341E00851184 /* AppDelegate.m */,
				58314D751E9A341E00851184 /* ViewController.h */,
				58314D761E9A341E00851184 /* ViewController.m */,
				58314D8F1E9A381300851184 /* ZKHotViewController.h */,
				58314D901E9A381300851184 /* ZKHotViewController.m */,
				58314D921E9A381E00851184 /* ZKListViewController.h */,
				58314D931E9A381E00851184 /* ZKListViewController.m */,
				58314D951E9A382900851184 /* ZKVideoViewController.h */,
				58314D961E9A382900851184 /* ZKVideoViewController.m */,
				58314D981E9A383200851184 /* ZKHeadViewController.h */,
				58314D991E9A383200851184 /* ZKHeadViewController.m */,
				58314D9B1E9A4BE900851184 /* ZKNewsViewController.h */,
				58314D9C1E9A4BE900851184 /* ZKNewsViewController.m */,
				58314D9E1E9A4C0000851184 /* ZKProfileViewController.h */,
				58314D9F1E9A4C0000851184 /* ZKProfileViewController.m */,
				58314D861E9A34B000851184 /* ZKSlideViewController */,
				58314D6F1E9A341E00851184 /* Supporting Files */,
			);
			path = ZKSlideViewController;
			sourceTree = "<group>";
		};
		58314D6F1E9A341E00851184 /* Supporting Files */ = {
			isa = PBXGroup;
			children = (
				58314D7B1E9A341E00851184 /* Assets.xcassets */,
				58314D7D1E9A341E00851184 /* LaunchScreen.storyboard */,
				58314D801E9A341E00851184 /* Info.plist */,
				58314D701E9A341E00851184 /* main.m */,
			);
			name = "Supporting Files";
			sourceTree = "<group>";
		};
		58314D861E9A34B000851184 /* ZKSlideViewController */ = {
			isa = PBXGroup;
			children = (
				58314D8A1E9A361C00851184 /* support */,
				58314D8E1E9A365600851184 /* ZKSlideHeader.h */,
				58314D871E9A34C600851184 /* ZKSlideViewController.h */,
				58314D881E9A34C600851184 /* ZKSlideViewController.m */,
			);
			path = ZKSlideViewController;
			sourceTree = "<group>";
		};
		58314D8A1E9A361C00851184 /* support */ = {
			isa = PBXGroup;
			children = (
				58314D8B1E9A361C00851184 /* UIView+Addition.h */,
				58314D8C1E9A361C00851184 /* UIView+Addition.m */,
			);
			path = support;
			sourceTree = "<group>";
		};
/* End PBXGroup section */

/* Begin PBXNativeTarget section */
		58314D6B1E9A341E00851184 /* ZKSlideViewController */ = {
			isa = PBXNativeTarget;
			buildConfigurationList = 58314D831E9A341E00851184 /* Build configuration list for PBXNativeTarget "ZKSlideViewController" */;
			buildPhases = (
				58314D681E9A341E00851184 /* Sources */,
				58314D691E9A341E00851184 /* Frameworks */,
				58314D6A1E9A341E00851184 /* Resources */,
			);
			buildRules = (
			);
			dependencies = (
			);
			name = ZKSlideViewController;
			productName = ZKSlideViewController;
			productReference = 58314D6C1E9A341E00851184 /* ZKSlideViewController.app */;
			productType = "com.apple.product-type.application";
		};
/* End PBXNativeTarget section */

/* Begin PBXProject section */
		58314D641E9A341E00851184 /* Project object */ = {
			isa = PBXProject;
			attributes = {
				LastUpgradeCheck = 0830;
				ORGANIZATIONNAME = ZK;
				TargetAttributes = {
					58314D6B1E9A341E00851184 = {
						CreatedOnToolsVersion = 8.3;
						DevelopmentTeam = A7Q6ZC4GW5;
						ProvisioningStyle = Automatic;
					};
				};
			};
			buildConfigurationList = 58314D671E9A341E00851184 /* Build configuration list for PBXProject "ZKSlideViewController" */;
			compatibilityVersion = "Xcode 3.2";
			developmentRegion = English;
			hasScannedForEncodings = 0;
			knownRegions = (
				en,
				Base,
			);
			mainGroup = 58314D631E9A341E00851184;
			productRefGroup = 58314D6D1E9A341E00851184 /* Products */;
			projectDirPath = "";
			projectRoot = "";
			targets = (
				58314D6B1E9A341E00851184 /* ZKSlideViewController */,
			);
		};
/* End PBXProject section */

/* Begin PBXResourcesBuildPhase section */
		58314D6A1E9A341E00851184 /* Resources */ = {
			isa = PBXResourcesBuildPhase;
			buildActionMask = 2147483647;
			files = (
				58314D7F1E9A341E00851184 /* LaunchScreen.storyboard in Resources */,
				58314D7C1E9A341E00851184 /* Assets.xcassets in Resources */,
			);
			runOnlyForDeploymentPostprocessing = 0;
		};
/* End PBXResourcesBuildPhase section */

/* Begin PBXSourcesBuildPhase section */
		58314D681E9A341E00851184 /* Sources */ = {
			isa = PBXSourcesBuildPhase;
			buildActionMask = 2147483647;
			files = (
				58314D9D1E9A4BE900851184 /* ZKNewsViewController.m in Sources */,
				58314D941E9A381E00851184 /* ZKListViewController.m in Sources */,
				58314D771E9A341E00851184 /* ViewController.m in Sources */,
				58314D9A1E9A383200851184 /* ZKHeadViewController.m in Sources */,
				58314DA01E9A4C0000851184 /* ZKProfileViewController.m in Sources */,
				58314D911E9A381300851184 /* ZKHotViewController.m in Sources */,
				58314D8D1E9A361C00851184 /* UIView+Addition.m in Sources */,
				58314D741E9A341E00851184 /* AppDelegate.m in Sources */,
				58314D971E9A382900851184 /* ZKVideoViewController.m in Sources */,
				58314D711E9A341E00851184 /* main.m in Sources */,
				58314D891E9A34C600851184 /* ZKSlideViewController.m in Sources */,
			);
			runOnlyForDeploymentPostprocessing = 0;
		};
/* End PBXSourcesBuildPhase section */

/* Begin PBXVariantGroup section */
		58314D7D1E9A341E00851184 /* LaunchScreen.storyboard */ = {
			isa = PBXVariantGroup;
			children = (
				58314D7E1E9A341E00851184 /* Base */,
			);
			name = LaunchScreen.storyboard;
			sourceTree = "<group>";
		};
/* End PBXVariantGroup section */

/* Begin XCBuildConfiguration section */
		58314D811E9A341E00851184 /* Debug */ = {
			isa = XCBuildConfiguration;
			buildSettings = {
				ALWAYS_SEARCH_USER_PATHS = NO;
				CLANG_ANALYZER_NONNULL = YES;
				CLANG_ANALYZER_NUMBER_OBJECT_CONVERSION = YES_AGGRESSIVE;
				CLANG_CXX_LANGUAGE_STANDARD = "gnu++0x";
				CLANG_CXX_LIBRARY = "libc++";
				CLANG_ENABLE_MODULES = YES;
				CLANG_ENABLE_OBJC_ARC = YES;
				CLANG_WARN_BOOL_CONVERSION = YES;
				CLANG_WARN_CONSTANT_CONVERSION = YES;
				CLANG_WARN_DIRECT_OBJC_ISA_USAGE = YES_ERROR;
				CLANG_WARN_DOCUMENTATION_COMMENTS = YES;
				CLANG_WARN_EMPTY_BODY = YES;
				CLANG_WARN_ENUM_CONVERSION = YES;
				CLANG_WARN_INFINITE_RECURSION = YES;
				CLANG_WARN_INT_CONVERSION = YES;
				CLANG_WARN_OBJC_ROOT_CLASS = YES_ERROR;
				CLANG_WARN_SUSPICIOUS_MOVE = YES;
				CLANG_WARN_UNREACHABLE_CODE = YES;
				CLANG_WARN__DUPLICATE_METHOD_MATCH = YES;
				"CODE_SIGN_IDENTITY[sdk=iphoneos*]" = "iPhone Developer";
				COPY_PHASE_STRIP = NO;
				DEBUG_INFORMATION_FORMAT = dwarf;
				ENABLE_STRICT_OBJC_MSGSEND = YES;
				ENABLE_TESTABILITY = YES;
				GCC_C_LANGUAGE_STANDARD = gnu99;
				GCC_DYNAMIC_NO_PIC = NO;
				GCC_NO_COMMON_BLOCKS = YES;
				GCC_OPTIMIZATION_LEVEL = 0;
				GCC_PREPROCESSOR_DEFINITIONS = (
					"DEBUG=1",
					"$(inherited)",
				);
				GCC_WARN_64_TO_32_BIT_CONVERSION = YES;
				GCC_WARN_ABOUT_RETURN_TYPE = YES_ERROR;
				GCC_WARN_UNDECLARED_SELECTOR = YES;
				GCC_WARN_UNINITIALIZED_AUTOS = YES_AGGRESSIVE;
				GCC_WARN_UNUSED_FUNCTION = YES;
				GCC_WARN_UNUSED_VARIABLE = YES;
				IPHONEOS_DEPLOYMENT_TARGET = 10.3;
				MTL_ENABLE_DEBUG_INFO = YES;
				ONLY_ACTIVE_ARCH = YES;
				SDKROOT = iphoneos;
			};
			name = Debug;
		};
		58314D821E9A341E00851184 /* Release */ = {
			isa = XCBuildConfiguration;
			buildSettings = {
				ALWAYS_SEARCH_USER_PATHS = NO;
				CLANG_ANALYZER_NONNULL = YES;
				CLANG_ANALYZER_NUMBER_OBJECT_CONVERSION = YES_AGGRESSIVE;
				CLANG_CXX_LANGUAGE_STANDARD = "gnu++0x";
				CLANG_CXX_LIBRARY = "libc++";
				CLANG_ENABLE_MODULES = YES;
				CLANG_ENABLE_OBJC_ARC = YES;
				CLANG_WARN_BOOL_CONVERSION = YES;
				CLANG_WARN_CONSTANT_CONVERSION = YES;
				CLANG_WARN_DIRECT_OBJC_ISA_USAGE = YES_ERROR;
				CLANG_WARN_DOCUMENTATION_COMMENTS = YES;
				CLANG_WARN_EMPTY_BODY = YES;
				CLANG_WARN_ENUM_CONVERSION = YES;
				CLANG_WARN_INFINITE_RECURSION = YES;
				CLANG_WARN_INT_CONVERSION = YES;
				CLANG_WARN_OBJC_ROOT_CLASS = YES_ERROR;
				CLANG_WARN_SUSPICIOUS_MOVE = YES;
				CLANG_WARN_UNREACHABLE_CODE = YES;
				CLANG_WARN__DUPLICATE_METHOD_MATCH = YES;
				"CODE_SIGN_IDENTITY[sdk=iphoneos*]" = "iPhone Developer";
				COPY_PHASE_STRIP = NO;
				DEBUG_INFORMATION_FORMAT = "dwarf-with-dsym";
				ENABLE_NS_ASSERTIONS = NO;
				ENABLE_STRICT_OBJC_MSGSEND = YES;
				GCC_C_LANGUAGE_STANDARD = gnu99;
				GCC_NO_COMMON_BLOCKS = YES;
				GCC_WARN_64_TO_32_BIT_CONVERSION = YES;
				GCC_WARN_ABOUT_RETURN_TYPE = YES_ERROR;
				GCC_WARN_UNDECLARED_SELECTOR = YES;
				GCC_WARN_UNINITIALIZED_AUTOS = YES_AGGRESSIVE;
				GCC_WARN_UNUSED_FUNCTION = YES;
				GCC_WARN_UNUSED_VARIABLE = YES;
				IPHONEOS_DEPLOYMENT_TARGET = 10.3;
				MTL_ENABLE_DEBUG_INFO = NO;
				SDKROOT = iphoneos;
				VALIDATE_PRODUCT = YES;
			};
			name = Release;
		};
		58314D841E9A341E00851184 /* Debug */ = {
			isa = XCBuildConfiguration;
			buildSettings = {
				ASSETCATALOG_COMPILER_APPICON_NAME = AppIcon;
				DEVELOPMENT_TEAM = A7Q6ZC4GW5;
				INFOPLIST_FILE = ZKSlideViewController/Info.plist;
				IPHONEOS_DEPLOYMENT_TARGET = 8.0;
				LD_RUNPATH_SEARCH_PATHS = "$(inherited) @executable_path/Frameworks";
				PRODUCT_BUNDLE_IDENTIFIER = "com.dev-zk.ZKSlideViewController";
				PRODUCT_NAME = "$(TARGET_NAME)";
			};
			name = Debug;
		};
		58314D851E9A341E00851184 /* Release */ = {
			isa = XCBuildConfiguration;
			buildSettings = {
				ASSETCATALOG_COMPILER_APPICON_NAME = AppIcon;
				DEVELOPMENT_TEAM = A7Q6ZC4GW5;
				INFOPLIST_FILE = ZKSlideViewController/Info.plist;
				IPHONEOS_DEPLOYMENT_TARGET = 8.0;
				LD_RUNPATH_SEARCH_PATHS = "$(inherited) @executable_path/Frameworks";
				PRODUCT_BUNDLE_IDENTIFIER = "com.dev-zk.ZKSlideViewController";
				PRODUCT_NAME = "$(TARGET_NAME)";
			};
			name = Release;
		};
/* End XCBuildConfiguration section */

/* Begin XCConfigurationList section */
		58314D671E9A341E00851184 /* Build configuration list for PBXProject "ZKSlideViewController" */ = {
			isa = XCConfigurationList;
			buildConfigurations = (
				58314D811E9A341E00851184 /* Debug */,
				58314D821E9A341E00851184 /* Release */,
			);
			defaultConfigurationIsVisible = 0;
			defaultConfigurationName = Release;
		};
		58314D831E9A341E00851184 /* Build configuration list for PBXNativeTarget "ZKSlideViewController" */ = {
			isa = XCConfigurationList;
			buildConfigurations = (
				58314D841E9A341E00851184 /* Debug */,
				58314D851E9A341E00851184 /* Release */,
			);
			defaultConfigurationIsVisible = 0;
		};
/* End XCConfigurationList section */
	};
	rootObject = 58314D641E9A341E00851184 /* Project object */;
}
